
Microsoft Visual Studio Solution File, Format Version 12.00
# Visual Studio Version 16
VisualStudioVersion = 16.0.808.0
MinimumVisualStudioVersion = 10.0.40219.1
Project("{FAE04EC0-301F-11D3-BF4B-00C04F79EFBC}") = "ScopeLevelQuery", "ScopeLevelQuery\ScopeLevelQuery.csproj", "{73778F1F-E603-4008-A1C4-88E480057BFB}"
EndProject
Global
	GlobalSection(SolutionConfigurationPlatforms) = preSolution
		Debug|Any CPU = Debug|Any CPU
		Release|Any CPU = Release|Any CPU
	EndGlobalSection
	GlobalSection(ProjectConfigurationPlatforms) = postSolution
		{73778F1F-E603-4008-A1C4-88E480057BFB}.Debug|Any CPU.ActiveCfg = Debug|Any CPU
		{73778F1F-E603-4008-A1C4-88E480057BFB}.Debug|Any CPU.Build.0 = Debug|Any CPU
		{73778F1F-E603-4008-A1C4-88E480057BFB}.Release|Any CPU.ActiveCfg = Release|Any CPU
		{73778F1F-E603-4008-A1C4-88E480057BFB}.Release|Any CPU.Build.0 = Release|Any CPU
	EndGlobalSection
	GlobalSection(SolutionProperties) = preSolution
		HideSolutionNode = FALSE
	EndGlobalSection
	GlobalSection(ExtensibilityGlobals) = postSolution
		SolutionGuid = {C5AD213B-848C-44D7-A0B4-5E8EA88F0D3A}
	EndGlobalSection
EndGlobal
